{
  "version": 1,
  "dependencies": {
    "net8.0": {
      "Avalonia": {
        "type": "Direct",
        "requested": "[11.3.12, )",
        "resolved": "11.3.12",
        "contentHash": "CHB0gXMSba8gTXqTrO9lS1te9ejH52ngHPm+0i/RfXFzqHXHPQ3yciFc/GfGnXUBjqjwH85J1rhYNl4/EujP0w==",
        "dependencies": {
          "Avalonia.BuildServices": "11.3.2",
          "Avalonia.Remote.Protocol": "11.3.12",
          "MicroCom.Runtime": "0.11.0"
        }
      },
      "Avalonia.Desktop": {
        "type": "Direct",
        "requested": "[11.3.12, )",
        "resolved": "11.3.12",
        "contentHash": "zwtEFNvXB60z7rHD92oISkCQq0PcFyttfAW+cgcfALECegtNkd9P9/UXIuE0GvMVBVUPTRUQeSB6/jhwZKqqRQ==",
        "dependencies": {
          "Avalonia": "11.3.12",
          "Avalonia.Native": "11.3.12",
          "Avalonia.Skia": "11.3.12",
          "Avalonia.Win32": "11.3.12",
          "Avalonia.X11": "11.3.12"
        }
      },
      "Avalonia.Themes.Fluent": {
        "type": "Direct",
        "requested": "[11.3.12, )",
        "resolved": "11.3.12",
        "contentHash": "umclBVVjbKdbh6i+dAtbDlVIPS8A83S222fxgC1w0zqWvJrk9NwfFsnIQVBHxN/1hLPVMcUfp5Gxu2FOPWjDaQ==",
        "dependencies": {
          "Avalonia": "11.3.12"
        }
      },
      "AngleSharp": {
        "type": "Transitive",
        "resolved": "1.8.3",
        "contentHash": "IiXdbBHzeKRUDayOFT/5nAqkY7Tqbtzr9dqoWrsfseLRs2r1j94qP8MmKnfs9aX+WHucmlmX8xq9QosIUJ/sbA=="
      },
      "Avalonia.Angle.Windows.Natives": {
        "type": "Transitive",
        "resolved": "2.1.25547.20250602",
        "contentHash": "ZL0VLc4s9rvNNFt19Pxm5UNAkmKNylugAwJPX9ulXZ6JWs/l6XZihPWWTyezaoNOVyEPU8YbURtW7XMAtqXH5A=="
      },
      "Avalonia.BuildServices": {
        "type": "Transitive",
        "resolved": "11.3.2",
        "contentHash": "qHDToxto1e3hci5YqbG9n0Ty8mlp3zBUN5wT66wKqaDVzXyQ0do3EnRILd4Ke9jpvsktaPpgE0YjEk7hornryQ=="
      },
      "Avalonia.FreeDesktop": {
        "type": "Transitive",
        "resolved": "11.3.12",
        "contentHash": "R1UdslorpUSmAt1SKNmmypkUPj993WpE4iUm5KvPd0mL0NQbIFra2DYYGb8GCtLOsupnA4pyNOU2FXumB2EGKA==",
        "dependencies": {
          "Avalonia": "11.3.12",
          "Tmds.DBus.Protocol": "0.21.2"
        }
      },
      "Avalonia.Native": {
        "type": "Transitive",
        "resolved": "11.3.12",
        "contentHash": "28q2DUSGUBVRpEQWYBo0crokZabPyI7KmA68++nm/qAe/9Zxmxythk/F36swAkI4pIU2ouLIKK0yxiFBy+xvNw==",
        "dependencies": {
          "Avalonia": "11.3.12"
        }
      },
      "Avalonia.Remote.Protocol": {
        "type": "Transitive",
        "resolved": "11.3.12",
        "contentHash": "zaWTPaBKxGfHxqQfPh1WP+vWy3iVAwYWW/7FGlz63/wT1b+3b7Wn37H6c9C2E/M3cgllrW5/cirye516QUDZiA=="
      },
      "Avalonia.Skia": {
        "type": "Transitive",
        "resolved": "11.3.12",
        "contentHash": "rlVMl2obc5hy4CHfLwA4+Lyu7KU+l5iSmj8leugoWofjgGDyUPa281VCo5FSH4+SkU1+EIXVJZubx2o02gp9nw==",
        "dependencies": {
          "Avalonia": "11.3.12",
          "HarfBuzzSharp": "8.3.1.1",
          "HarfBuzzSharp.NativeAssets.Linux": "8.3.1.1",
          "HarfBuzzSharp.NativeAssets.WebAssembly": "8.3.1.1",
          "SkiaSharp": "2.88.9",
          "SkiaSharp.NativeAssets.Linux": "2.88.9",
          "SkiaSharp.NativeAssets.WebAssembly": "2.88.9"
        }
      },
      "Avalonia.Win32": {
        "type": "Transitive",
        "resolved": "11.3.12",
        "contentHash": "3Z8gSpWMU0NWR0fI/m8d9b6d9fms1MJ6eZJ7IU4CdU/zCrPiFTjtPfc2VRaRD/0H4tsR3VgP+iTMGZn5nBWljg==",
        "dependencies": {
          "Avalonia": "11.3.12",
          "Avalonia.Angle.Windows.Natives": "2.1.25547.20250602"
        }
      },
      "Avalonia.X11": {
        "type": "Transitive",
        "resolved": "11.3.12",
        "contentHash": "HR0zf0si52uu/hxPTIOI7gW68kPwz8D/fPYgioxISXAR+Yf6BH/TY/F/zrlu3LbptqU3ySoUmqkA9QJpXz04BQ==",
        "dependencies": {
          "Avalonia": "11.3.12",
          "Avalonia.FreeDesktop": "11.3.12",
          "Avalonia.Skia": "11.3.12"
        }
      },
      "HarfBuzzSharp": {
        "type": "Transitive",
        "resolved": "8.3.1.1",
        "contentHash": "tLZN66oe/uiRPTZfrCU4i8ScVGwqHNh5MHrXj0yVf4l7Mz0FhTGnQ71RGySROTmdognAs0JtluHkL41pIabWuQ==",
        "dependencies": {
          "HarfBuzzSharp.NativeAssets.Win32": "8.3.1.1",
          "HarfBuzzSharp.NativeAssets.macOS": "8.3.1.1"
        }
      },
      "HarfBuzzSharp.NativeAssets.Linux": {
        "type": "Transitive",
        "resolved": "8.3.1.1",
        "contentHash": "3EZ1mpIiKWRLL5hUYA82ZHteeDIVaEA/Z0rA/wU6tjx6crcAkJnBPwDXZugBSfo8+J3EznvRJf49uMsqYfKrHg=="
      },
      "HarfBuzzSharp.NativeAssets.macOS": {
        "type": "Transitive",
        "resolved": "8.3.1.1",
        "contentHash": "jbtCsgftcaFLCA13tVKo5iWdElJScrulLTKJre36O4YQTIlwDtPPqhRZNk+Y0vv4D1gxbscasGRucUDfS44ofQ=="
      },
      "HarfBuzzSharp.NativeAssets.WebAssembly": {
        "type": "Transitive",
        "resolved": "8.3.1.1",
        "contentHash": "loJweK2u/mH/3C2zBa0ggJlITIszOkK64HLAZB7FUT670dTg965whLFYHDQo69NmC4+d9UN0icLC9VHidXaVCA=="
      },
      "HarfBuzzSharp.NativeAssets.Win32": {
        "type": "Transitive",
        "resolved": "8.3.1.1",
        "contentHash": "UsJtQsfAJoFDZrXc4hCUfRPMqccfKZ0iumJ/upcUjz/cmsTgVFGNEL5yaJWmkqsuFYdMWbj/En5/kS4PFl9hBA=="
      },
      "MicroCom.Runtime": {
        "type": "Transitive",
        "resolved": "0.11.0",
        "contentHash": "MEnrZ3UIiH40hjzMDsxrTyi8dtqB5ziv3iBeeU4bXsL/7NLSal9F1lZKpK+tfBRnUoDSdtcW3KufE4yhATOMCA=="
      },
      "Microsoft.Data.Sqlite": {
        "type": "Transitive",
        "resolved": "8.0.31",
        "contentHash": "WBM+0lBcUKeItKCAdBuTariYoV2tAICxE4FSzFDxlZXx9mO1YSr9NBD7vX2tYrKCHKOhpdwVJPa7fMD6zVHDjw==",
        "dependencies": {
          "Microsoft.Data.Sqlite.Core": "8.0.31",
          "SQLitePCLRaw.bundle_e_sqlite3": "2.1.12"
        }
      },
      "Microsoft.Data.Sqlite.Core": {
        "type": "Transitive",
        "resolved": "8.0.31",
        "contentHash": "o6muD6VLO/Et5Cmi5UGSvj5cwjTpc26/OP6z96+4aK4YhCmKlSHkFTEKCiR/JzDDI6E/qrkfEt9ybu9J0tiKrQ==",
        "dependencies": {
          "SQLitePCLRaw.core": "2.1.12"
        }
      },
      "PdfPig": {
        "type": "Transitive",
        "resolved": "0.1.16",
        "contentHash": "qQcbsNMYVY+K5ELptax2S8thNMk0+rSQq3H/KdYj3LLcko8yTCz8y5KIvsKxIyAuTN0ZYNnfsZkM+0EvxTwHVA=="
      },
      "SkiaSharp": {
        "type": "Transitive",
        "resolved": "2.88.9",
        "contentHash": "3MD5VHjXXieSHCleRLuaTXmL2pD0mB7CcOB1x2kA1I4bhptf4e3R27iM93264ZYuAq6mkUyX5XbcxnZvMJYc1Q==",
        "dependencies": {
          "SkiaSharp.NativeAssets.Win32": "2.88.9",
          "SkiaSharp.NativeAssets.macOS": "2.88.9"
        }
      },
      "SkiaSharp.NativeAssets.Linux": {
        "type": "Transitive",
        "resolved": "2.88.9",
        "contentHash": "cWSaJKVPWAaT/WIn9c8T5uT/l4ETwHxNJTkEOtNKjphNo8AW6TF9O32aRkxqw3l8GUdUo66Bu7EiqtFh/XG0Zg==",
        "dependencies": {
          "SkiaSharp": "2.88.9"
        }
      },
      "SkiaSharp.NativeAssets.macOS": {
        "type": "Transitive",
        "resolved": "2.88.9",
        "contentHash": "Nv5spmKc4505Ep7oUoJ5vp3KweFpeNqxpyGDWyeEPTX2uR6S6syXIm3gj75dM0YJz7NPvcix48mR5laqs8dPuA=="
      },
      "SkiaSharp.NativeAssets.WebAssembly": {
        "type": "Transitive",
        "resolved": "2.88.9",
        "contentHash": "kt06RccBHSnAs2wDYdBSfsjIDbY3EpsOVqnlDgKdgvyuRA8ZFDaHRdWNx1VHjGgYzmnFCGiTJBnXFl5BqGwGnA=="
      },
      "SkiaSharp.NativeAssets.Win32": {
        "type": "Transitive",
        "resolved": "2.88.9",
        "contentHash": "wb2kYgU7iy84nQLYZwMeJXixvK++GoIuECjU4ECaUKNuflyRlJKyiRhN1MAHswvlvzuvkrjRWlK0Za6+kYQK7w=="
      },
      "SmartReader": {
        "type": "Transitive",
        "resolved": "0.11.1",
        "contentHash": "hzhS0IVfSDuf0IghJ4+ODSuTZXSjwS+4NXSBiy5yH/FXdBkl4q3yMDAt7rkPHdLyBlealsk7aL2CcG+kPP5Ocg==",
        "dependencies": {
          "AngleSharp": "1.5.2",
          "System.Text.Encoding.CodePages": "10.0.10",
          "System.Text.Json": "10.0.10"
        }
      },
      "SQLitePCLRaw.bundle_e_sqlite3": {
        "type": "Transitive",
        "resolved": "2.1.12",
        "contentHash": "mAgscpQMLw5/nfA1Q5oJVAT29yROUo1ifZGbbTpx/lwZpSxMUGoYbKfmvdm8oXER+RzxqBmmQzeBEVKfeHv2nw==",
        "dependencies": {
          "SQLitePCLRaw.lib.e_sqlite3": "2.1.12",
          "SQLitePCLRaw.provider.e_sqlite3": "2.1.12"
        }
      },
      "SQLitePCLRaw.core": {
        "type": "Transitive",
        "resolved": "2.1.12",
        "contentHash": "ETpNw9DY3ckWLgRRAeCHj+GKOuPi61aeczkXhgHexUvqoZBAYg8RYESE2J7O1M7+o6QbdSEZwrw9bfqztUVWXg==",
        "dependencies": {
          "System.Memory": "4.5.3"
        }
      },
      "SQLitePCLRaw.lib.e_sqlite3": {
        "type": "Transitive",
        "resolved": "2.1.12",
        "contentHash": "fWi8Dbknuhgg72fWinIdjXVaqO1hHL4YBBwVLnr7e1c9TAZwJ0QE38j9syW1hwx6HaqEVTwI+O07WPdZn8Rp0w=="
      },
      "SQLitePCLRaw.provider.e_sqlite3": {
        "type": "Transitive",
        "resolved": "2.1.12",
        "contentHash": "W3oH4XIfCzFrgUSDKHhN6N+dgzA5YHOR2VxX8GB6Qy7CyrJJgxPEG8NirgYWlPQC5P2jz2knSsexWu4tDUL33g==",
        "dependencies": {
          "SQLitePCLRaw.core": "2.1.12"
        }
      },
      "System.IO.Pipelines": {
        "type": "Transitive",
        "resolved": "10.0.10",
        "contentHash": "7WX0W96y3dpQdYG4sEGdh38g3/0lOD4/dKbn2rRVOVzKhzoZUn2gKNIKaFeKWs8RCbpFfmmEWsRhSy95hMpvqA=="
      },
      "System.Memory": {
        "type": "Transitive",
        "resolved": "4.5.3",
        "contentHash": "3oDzvc/zzetpTKWMShs1AADwZjQ/36HnsufHRPcOjyRAAMLDlu2iD33MBI2opxnezcVUtXyqDXXjoFMOU9c7SA=="
      },
      "System.Security.Cryptography.ProtectedData": {
        "type": "Transitive",
        "resolved": "8.0.0",
        "contentHash": "+TUFINV2q2ifyXauQXRwy4CiBhqvDEDZeVJU7qfxya4aRYOKzVBpN+4acx25VcPB9ywUN6C0n8drWl110PhZEg=="
      },
      "System.Text.Encoding.CodePages": {
        "type": "Transitive",
        "resolved": "10.0.10",
        "contentHash": "9dngR7sk2fW/FEbrTCSYNGjsv5IyJnZy9+LI39+55pci5ngiZrjqSkQbIMfZnsrJnyGzCFcQgrAA8sMqsXydyQ=="
      },
      "System.Text.Encodings.Web": {
        "type": "Transitive",
        "resolved": "10.0.10",
        "contentHash": "o16m2YpDN/pjHsnxf9pTGwkpcuvjW8v1/wGUwJtM1c3QZUKm7ZEO/eYRJg7iIx6GxS2Zv9lAMHpiQwHDdgqauA=="
      },
      "System.Text.Json": {
        "type": "Transitive",
        "resolved": "10.0.10",
        "contentHash": "bmsO6UdYtBdtn32zYXfsh7KlyTIzV/3V9hdT9RIb4pXKgYOsNxXR+VbWigNwBtNFVGYGm6Hwmqw5a+/IWFd36Q==",
        "dependencies": {
          "System.IO.Pipelines": "10.0.10",
          "System.Text.Encodings.Web": "10.0.10"
        }
      },
      "Tmds.DBus.Protocol": {
        "type": "Transitive",
        "resolved": "0.21.2",
        "contentHash": "ScSMrUrrw8px4kK1Glh0fZv/HQUlg1078bNXNPfRPKQ3WbRzV9HpsydYEOgSoMK5LWICMf2bMwIFH0pGjxjcMA==",
        "dependencies": {
          "System.IO.Pipelines": "8.0.0"
        }
      },
      "urlinsight.core": {
        "type": "Project",
        "dependencies": {
          "AngleSharp": "[1.8.3, )",
          "Microsoft.Data.Sqlite": "[8.0.31, )",
          "PdfPig": "[0.1.16, )",
          "SmartReader": "[0.11.1, )",
          "System.Security.Cryptography.ProtectedData": "[8.0.0, )"
        }
      }
    },
    "net8.0/osx-arm64": {
      "Avalonia.Angle.Windows.Natives": {
        "type": "Transitive",
        "resolved": "2.1.25547.20250602",
        "contentHash": "ZL0VLc4s9rvNNFt19Pxm5UNAkmKNylugAwJPX9ulXZ6JWs/l6XZihPWWTyezaoNOVyEPU8YbURtW7XMAtqXH5A=="
      },
      "Avalonia.Native": {
        "type": "Transitive",
        "resolved": "11.3.12",
        "contentHash": "28q2DUSGUBVRpEQWYBo0crokZabPyI7KmA68++nm/qAe/9Zxmxythk/F36swAkI4pIU2ouLIKK0yxiFBy+xvNw==",
        "dependencies": {
          "Avalonia": "11.3.12"
        }
      },
      "HarfBuzzSharp.NativeAssets.Linux": {
        "type": "Transitive",
        "resolved": "8.3.1.1",
        "contentHash": "3EZ1mpIiKWRLL5hUYA82ZHteeDIVaEA/Z0rA/wU6tjx6crcAkJnBPwDXZugBSfo8+J3EznvRJf49uMsqYfKrHg=="
      },
      "HarfBuzzSharp.NativeAssets.macOS": {
        "type": "Transitive",
        "resolved": "8.3.1.1",
        "contentHash": "jbtCsgftcaFLCA13tVKo5iWdElJScrulLTKJre36O4YQTIlwDtPPqhRZNk+Y0vv4D1gxbscasGRucUDfS44ofQ=="
      },
      "HarfBuzzSharp.NativeAssets.Win32": {
        "type": "Transitive",
        "resolved": "8.3.1.1",
        "contentHash": "UsJtQsfAJoFDZrXc4hCUfRPMqccfKZ0iumJ/upcUjz/cmsTgVFGNEL5yaJWmkqsuFYdMWbj/En5/kS4PFl9hBA=="
      },
      "SkiaSharp.NativeAssets.Linux": {
        "type": "Transitive",
        "resolved": "2.88.9",
        "contentHash": "cWSaJKVPWAaT/WIn9c8T5uT/l4ETwHxNJTkEOtNKjphNo8AW6TF9O32aRkxqw3l8GUdUo66Bu7EiqtFh/XG0Zg==",
        "dependencies": {
          "SkiaSharp": "2.88.9"
        }
      },
      "SkiaSharp.NativeAssets.macOS": {
        "type": "Transitive",
        "resolved": "2.88.9",
        "contentHash": "Nv5spmKc4505Ep7oUoJ5vp3KweFpeNqxpyGDWyeEPTX2uR6S6syXIm3gj75dM0YJz7NPvcix48mR5laqs8dPuA=="
      },
      "SkiaSharp.NativeAssets.Win32": {
        "type": "Transitive",
        "resolved": "2.88.9",
        "contentHash": "wb2kYgU7iy84nQLYZwMeJXixvK++GoIuECjU4ECaUKNuflyRlJKyiRhN1MAHswvlvzuvkrjRWlK0Za6+kYQK7w=="
      },
      "SQLitePCLRaw.lib.e_sqlite3": {
        "type": "Transitive",
        "resolved": "2.1.12",
        "contentHash": "fWi8Dbknuhgg72fWinIdjXVaqO1hHL4YBBwVLnr7e1c9TAZwJ0QE38j9syW1hwx6HaqEVTwI+O07WPdZn8Rp0w=="
      },
      "System.Text.Encoding.CodePages": {
        "type": "Transitive",
        "resolved": "10.0.10",
        "contentHash": "9dngR7sk2fW/FEbrTCSYNGjsv5IyJnZy9+LI39+55pci5ngiZrjqSkQbIMfZnsrJnyGzCFcQgrAA8sMqsXydyQ=="
      },
      "System.Text.Encodings.Web": {
        "type": "Transitive",
        "resolved": "10.0.10",
        "contentHash": "o16m2YpDN/pjHsnxf9pTGwkpcuvjW8v1/wGUwJtM1c3QZUKm7ZEO/eYRJg7iIx6GxS2Zv9lAMHpiQwHDdgqauA=="
      }
    },
    "net8.0/osx-x64": {
      "Avalonia.Angle.Windows.Natives": {
        "type": "Transitive",
        "resolved": "2.1.25547.20250602",
        "contentHash": "ZL0VLc4s9rvNNFt19Pxm5UNAkmKNylugAwJPX9ulXZ6JWs/l6XZihPWWTyezaoNOVyEPU8YbURtW7XMAtqXH5A=="
      },
      "Avalonia.Native": {
        "type": "Transitive",
        "resolved": "11.3.12",
        "contentHash": "28q2DUSGUBVRpEQWYBo0crokZabPyI7KmA68++nm/qAe/9Zxmxythk/F36swAkI4pIU2ouLIKK0yxiFBy+xvNw==",
        "dependencies": {
          "Avalonia": "11.3.12"
        }
      },
      "HarfBuzzSharp.NativeAssets.Linux": {
        "type": "Transitive",
        "resolved": "8.3.1.1",
        "contentHash": "3EZ1mpIiKWRLL5hUYA82ZHteeDIVaEA/Z0rA/wU6tjx6crcAkJnBPwDXZugBSfo8+J3EznvRJf49uMsqYfKrHg=="
      },
      "HarfBuzzSharp.NativeAssets.macOS": {
        "type": "Transitive",
        "resolved": "8.3.1.1",
        "contentHash": "jbtCsgftcaFLCA13tVKo5iWdElJScrulLTKJre36O4YQTIlwDtPPqhRZNk+Y0vv4D1gxbscasGRucUDfS44ofQ=="
      },
      "HarfBuzzSharp.NativeAssets.Win32": {
        "type": "Transitive",
        "resolved": "8.3.1.1",
        "contentHash": "UsJtQsfAJoFDZrXc4hCUfRPMqccfKZ0iumJ/upcUjz/cmsTgVFGNEL5yaJWmkqsuFYdMWbj/En5/kS4PFl9hBA=="
      },
      "SkiaSharp.NativeAssets.Linux": {
        "type": "Transitive",
        "resolved": "2.88.9",
        "contentHash": "cWSaJKVPWAaT/WIn9c8T5uT/l4ETwHxNJTkEOtNKjphNo8AW6TF9O32aRkxqw3l8GUdUo66Bu7EiqtFh/XG0Zg==",
        "dependencies": {
          "SkiaSharp": "2.88.9"
        }
      },
      "SkiaSharp.NativeAssets.macOS": {
        "type": "Transitive",
        "resolved": "2.88.9",
        "contentHash": "Nv5spmKc4505Ep7oUoJ5vp3KweFpeNqxpyGDWyeEPTX2uR6S6syXIm3gj75dM0YJz7NPvcix48mR5laqs8dPuA=="
      },
      "SkiaSharp.NativeAssets.Win32": {
        "type": "Transitive",
        "resolved": "2.88.9",
        "contentHash": "wb2kYgU7iy84nQLYZwMeJXixvK++GoIuECjU4ECaUKNuflyRlJKyiRhN1MAHswvlvzuvkrjRWlK0Za6+kYQK7w=="
      },
      "SQLitePCLRaw.lib.e_sqlite3": {
        "type": "Transitive",
        "resolved": "2.1.12",
        "contentHash": "fWi8Dbknuhgg72fWinIdjXVaqO1hHL4YBBwVLnr7e1c9TAZwJ0QE38j9syW1hwx6HaqEVTwI+O07WPdZn8Rp0w=="
      },
      "System.Text.Encoding.CodePages": {
        "type": "Transitive",
        "resolved": "10.0.10",
        "contentHash": "9dngR7sk2fW/FEbrTCSYNGjsv5IyJnZy9+LI39+55pci5ngiZrjqSkQbIMfZnsrJnyGzCFcQgrAA8sMqsXydyQ=="
      },
      "System.Text.Encodings.Web": {
        "type": "Transitive",
        "resolved": "10.0.10",
        "contentHash": "o16m2YpDN/pjHsnxf9pTGwkpcuvjW8v1/wGUwJtM1c3QZUKm7ZEO/eYRJg7iIx6GxS2Zv9lAMHpiQwHDdgqauA=="
      }
    }
  }
}